Microsoft Visual Studio Solution File, Format Version 12.00
# Visual Studio Version 17
VisualStudioVersion = 17.5.2.0
MinimumVisualStudioVersion = 10.0.40219.1
Project("{FAE04EC0-301F-11D3-BF4B-00C04F79EFBC}") = "dotnet-gsjc-foundation", "dotnet-gsjc-foundation.csproj", "{DFFE033A-AB74-8AC7-A43A-4C5B1CD9EDC7}"
EndProject
Global
	GlobalSection(SolutionConfigurationPlatforms) = preSolution
		Debug|Any CPU = Debug|Any CPU
		Release|Any CPU = Release|Any CPU
	EndGlobalSection
	GlobalSection(ProjectConfigurationPlatforms) = postSolution
		{DFFE033A-AB74-8AC7-A43A-4C5B1CD9EDC7}.Debug|Any CPU.ActiveCfg = Debug|Any CPU
		{DFFE033A-AB74-8AC7-A43A-4C5B1CD9EDC7}.Debug|Any CPU.Build.0 = Debug|Any CPU
		{DFFE033A-AB74-8AC7-A43A-4C5B1CD9EDC7}.Release|Any CPU.ActiveCfg = Release|Any CPU
		{DFFE033A-AB74-8AC7-A43A-4C5B1CD9EDC7}.Release|Any CPU.Build.0 = Release|Any CPU
	EndGlobalSection
	GlobalSection(SolutionProperties) = preSolution
		HideSolutionNode = FALSE
	EndGlobalSection
	GlobalSection(ExtensibilityGlobals) = postSolution
		SolutionGuid = {6F2A2245-7665-47B0-AD49-B61E47379443}
	EndGlobalSection
EndGlobal
